
Microsoft Visual Studio Solution File, Format Version 12.00
# Visual Studio Version 17
VisualStudioVersion = 17.0.32014.148
MinimumVisualStudioVersion = 10.0.40219.1
Project("{FAE04EC0-301F-11D3-BF4B-00C04F79EFBC}") = "mhm", "mhm\mhm.csproj", "{833E0EF8-9E71-4B93-8C70-C81D3FCC8E3F}"
EndProject
Global
	GlobalSection(SolutionConfigurationPlatforms) = preSolution
		Debug|Any CPU = Debug|Any CPU
		Release|Any CPU = Release|Any CPU
	EndGlobalSection
	GlobalSection(ProjectConfigurationPlatforms) = postSolution
		{833E0EF8-9E71-4B93-8C70-C81D3FCC8E3F}.Debug|Any CPU.ActiveCfg = Debug|Any CPU
		{833E0EF8-9E71-4B93-8C70-C81D3FCC8E3F}.Debug|Any CPU.Build.0 = Debug|Any CPU
		{833E0EF8-9E71-4B93-8C70-C81D3FCC8E3F}.Release|Any CPU.ActiveCfg = Release|Any CPU
		{833E0EF8-9E71-4B93-8C70-C81D3FCC8E3F}.Release|Any CPU.Build.0 = Release|Any CPU
	EndGlobalSection
	GlobalSection(SolutionProperties) = preSolution
		HideSolutionNode = FALSE
	EndGlobalSection
	GlobalSection(ExtensibilityGlobals) = postSolution
		SolutionGuid = {5ACF8DC4-B447-4304-A989-1616C4FA3DB1}
	EndGlobalSection
EndGlobal
